
Microsoft Visual Studio Solution File, Format Version 11.00
# Visual Studio 2010
Project("{FAE04EC0-301F-11D3-BF4B-00C04F79EFBC}") = "Mirror", "Mirror.csproj", "{3973ae81-3417-d801-02d2-0fce80f2df20}"
EndProject
Project("{FAE04EC0-301F-11D3-BF4B-00C04F79EFBC}") = "Mirror.Components", "Mirror.Components.csproj", "{6f3ebebc-f103-7562-2c29-122ebbaa790c}"
EndProject
Project("{FAE04EC0-301F-11D3-BF4B-00C04F79EFBC}") = "SimpleWebTransport", "SimpleWebTransport.csproj", "{9a4c3a67-56ec-7fd1-1abd-7fc266133176}"
EndProject
Project("{FAE04EC0-301F-11D3-BF4B-00C04F79EFBC}") = "Mirror.Examples", "Mirror.Examples.csproj", "{2a797ad9-2c45-7d01-0a7d-2d1c2cad8ed2}"
EndProject
Project("{FAE04EC0-301F-11D3-BF4B-00C04F79EFBC}") = "Assembly-CSharp", "Assembly-CSharp.csproj", "{8ca18058-35c0-bf35-da09-eb88cb6ada03}"
EndProject
Project("{FAE04EC0-301F-11D3-BF4B-00C04F79EFBC}") = "kcp2k", "kcp2k.csproj", "{7706245f-c4ca-3c3a-0aec-5a941fa1e6b6}"
EndProject
Project("{FAE04EC0-301F-11D3-BF4B-00C04F79EFBC}") = "Telepathy", "Telepathy.csproj", "{25b5b00c-de71-ba6c-6f80-9ebf92166224}"
EndProject
Project("{FAE04EC0-301F-11D3-BF4B-00C04F79EFBC}") = "Mirror.Authenticators", "Mirror.Authenticators.csproj", "{8f08c81f-14b7-5768-f956-7fe1ba8cd4f8}"
EndProject
Project("{FAE04EC0-301F-11D3-BF4B-00C04F79EFBC}") = "where-allocations", "where-allocations.csproj", "{3e19a2da-ad01-179e-9d9c-2f64fff58ece}"
EndProject
Project("{FAE04EC0-301F-11D3-BF4B-00C04F79EFBC}") = "Unity.Mirror.CodeGen", "Unity.Mirror.CodeGen.csproj", "{baeb7cd2-a082-86eb-1966-8a12b193fb42}"
EndProject
Project("{FAE04EC0-301F-11D3-BF4B-00C04F79EFBC}") = "Mirror.Editor", "Mirror.Editor.csproj", "{bc6f4a77-f0e8-3210-acb1-121b78ecf331}"
EndProject
Project("{FAE04EC0-301F-11D3-BF4B-00C04F79EFBC}") = "Mirror.CompilerSymbols", "Mirror.CompilerSymbols.csproj", "{440f588a-b43f-a71a-6fdf-b4485daffa61}"
EndProject
Global
	GlobalSection(SolutionConfigurationPlatforms) = preSolution
		Debug|Any CPU = Debug|Any CPU
	EndGlobalSection
	GlobalSection(ProjectConfigurationPlatforms) = postSolution
		{3973ae81-3417-d801-02d2-0fce80f2df20}.Debug|Any CPU.ActiveCfg = Debug|Any CPU
		{3973ae81-3417-d801-02d2-0fce80f2df20}.Debug|Any CPU.Build.0 = Debug|Any CPU
		{6f3ebebc-f103-7562-2c29-122ebbaa790c}.Debug|Any CPU.ActiveCfg = Debug|Any CPU
		{6f3ebebc-f103-7562-2c29-122ebbaa790c}.Debug|Any CPU.Build.0 = Debug|Any CPU
		{9a4c3a67-56ec-7fd1-1abd-7fc266133176}.Debug|Any CPU.ActiveCfg = Debug|Any CPU
		{9a4c3a67-56ec-7fd1-1abd-7fc266133176}.Debug|Any CPU.Build.0 = Debug|Any CPU
		{2a797ad9-2c45-7d01-0a7d-2d1c2cad8ed2}.Debug|Any CPU.ActiveCfg = Debug|Any CPU
		{2a797ad9-2c45-7d01-0a7d-2d1c2cad8ed2}.Debug|Any CPU.Build.0 = Debug|Any CPU
		{8ca18058-35c0-bf35-da09-eb88cb6ada03}.Debug|Any CPU.ActiveCfg = Debug|Any CPU
		{8ca18058-35c0-bf35-da09-eb88cb6ada03}.Debug|Any CPU.Build.0 = Debug|Any CPU
		{7706245f-c4ca-3c3a-0aec-5a941fa1e6b6}.Debug|Any CPU.ActiveCfg = Debug|Any CPU
		{7706245f-c4ca-3c3a-0aec-5a941fa1e6b6}.Debug|Any CPU.Build.0 = Debug|Any CPU
		{25b5b00c-de71-ba6c-6f80-9ebf92166224}.Debug|Any CPU.ActiveCfg = Debug|Any CPU
		{25b5b00c-de71-ba6c-6f80-9ebf92166224}.Debug|Any CPU.Build.0 = Debug|Any CPU
		{8f08c81f-14b7-5768-f956-7fe1ba8cd4f8}.Debug|Any CPU.ActiveCfg = Debug|Any CPU
		{8f08c81f-14b7-5768-f956-7fe1ba8cd4f8}.Debug|Any CPU.Build.0 = Debug|Any CPU
		{3e19a2da-ad01-179e-9d9c-2f64fff58ece}.Debug|Any CPU.ActiveCfg = Debug|Any CPU
		{3e19a2da-ad01-179e-9d9c-2f64fff58ece}.Debug|Any CPU.Build.0 = Debug|Any CPU
		{baeb7cd2-a082-86eb-1966-8a12b193fb42}.Debug|Any CPU.ActiveCfg = Debug|Any CPU
		{baeb7cd2-a082-86eb-1966-8a12b193fb42}.Debug|Any CPU.Build.0 = Debug|Any CPU
		{bc6f4a77-f0e8-3210-acb1-121b78ecf331}.Debug|Any CPU.ActiveCfg = Debug|Any CPU
		{bc6f4a77-f0e8-3210-acb1-121b78ecf331}.Debug|Any CPU.Build.0 = Debug|Any CPU
		{440f588a-b43f-a71a-6fdf-b4485daffa61}.Debug|Any CPU.ActiveCfg = Debug|Any CPU
		{440f588a-b43f-a71a-6fdf-b4485daffa61}.Debug|Any CPU.Build.0 = Debug|Any CPU
	EndGlobalSection
	GlobalSection(SolutionProperties) = preSolution
		HideSolutionNode = FALSE
	EndGlobalSection
EndGlobal
